
Microsoft Visual Studio Solution File, Format Version 12.00
# Visual Studio Version 17
VisualStudioVersion = 17.7.34024.191
MinimumVisualStudioVersion = 10.0.40219.1
Project("{FAE04EC0-301F-11D3-BF4B-00C04F79EFBC}") = "Functions", "Functions\Functions.csproj", "{CCCF399F-75C3-4D54-882C-74F9B7BCCBF6}"
EndProject
Project("{FAE04EC0-301F-11D3-BF4B-00C04F79EFBC}") = "ArgumentsAndParameters", "ArgumentsAndParameters\ArgumentsAndParameters.csproj", "{434F77B6-8FDA-4FA7-B07A-D61ED53E804B}"
EndProject
Project("{FAE04EC0-301F-11D3-BF4B-00C04F79EFBC}") = "Calculator", "Calculator\Calculator.csproj", "{64A3A434-261A-43D3-B898-2E21AFCAC0DE}"
EndProject
Project("{FAE04EC0-301F-11D3-BF4B-00C04F79EFBC}") = "DiscountCalculator", "DiscountCalculator\DiscountCalculator.csproj", "{005ED512-E743-4CD0-8594-7D7A37D8B579}"
EndProject
Global
	GlobalSection(SolutionConfigurationPlatforms) = preSolution
		Debug|Any CPU = Debug|Any CPU
		Release|Any CPU = Release|Any CPU
	EndGlobalSection
	GlobalSection(ProjectConfigurationPlatforms) = postSolution
		{CCCF399F-75C3-4D54-882C-74F9B7BCCBF6}.Debug|Any CPU.ActiveCfg = Debug|Any CPU
		{CCCF399F-75C3-4D54-882C-74F9B7BCCBF6}.Debug|Any CPU.Build.0 = Debug|Any CPU
		{CCCF399F-75C3-4D54-882C-74F9B7BCCBF6}.Release|Any CPU.ActiveCfg = Release|Any CPU
		{CCCF399F-75C3-4D54-882C-74F9B7BCCBF6}.Release|Any CPU.Build.0 = Release|Any CPU
		{434F77B6-8FDA-4FA7-B07A-D61ED53E804B}.Debug|Any CPU.ActiveCfg = Debug|Any CPU
		{434F77B6-8FDA-4FA7-B07A-D61ED53E804B}.Debug|Any CPU.Build.0 = Debug|Any CPU
		{434F77B6-8FDA-4FA7-B07A-D61ED53E804B}.Release|Any CPU.ActiveCfg = Release|Any CPU
		{434F77B6-8FDA-4FA7-B07A-D61ED53E804B}.Release|Any CPU.Build.0 = Release|Any CPU
		{64A3A434-261A-43D3-B898-2E21AFCAC0DE}.Debug|Any CPU.ActiveCfg = Debug|Any CPU
		{64A3A434-261A-43D3-B898-2E21AFCAC0DE}.Debug|Any CPU.Build.0 = Debug|Any CPU
		{64A3A434-261A-43D3-B898-2E21AFCAC0DE}.Release|Any CPU.ActiveCfg = Release|Any CPU
		{64A3A434-261A-43D3-B898-2E21AFCAC0DE}.Release|Any CPU.Build.0 = Release|Any CPU
		{005ED512-E743-4CD0-8594-7D7A37D8B579}.Debug|Any CPU.ActiveCfg = Debug|Any CPU
		{005ED512-E743-4CD0-8594-7D7A37D8B579}.Debug|Any CPU.Build.0 = Debug|Any CPU
		{005ED512-E743-4CD0-8594-7D7A37D8B579}.Release|Any CPU.ActiveCfg = Release|Any CPU
		{005ED512-E743-4CD0-8594-7D7A37D8B579}.Release|Any CPU.Build.0 = Release|Any CPU
	EndGlobalSection
	GlobalSection(SolutionProperties) = preSolution
		HideSolutionNode = FALSE
	EndGlobalSection
	GlobalSection(ExtensibilityGlobals) = postSolution
		SolutionGuid = {EFB0262B-D7EB-4148-A276-C4FD72DDBCDC}
	EndGlobalSection
EndGlobal
